
Microsoft Visual Studio Solution File, Format Version 12.00
# Visual Studio Version 17
VisualStudioVersion = 17.0.32126.317
MinimumVisualStudioVersion = 10.0.40219.1
Project("{9A19103F-16F7-4668-BE54-9A1E7A4F7556}") = "CalculadoraButeco", "CalculadoraButeco.csproj", "{123B64C5-5A73-421F-BE19-DD24128D2E93}"
EndProject
Global
	GlobalSection(SolutionConfigurationPlatforms) = preSolution
		Debug|Any CPU = Debug|Any CPU
		Release|Any CPU = Release|Any CPU
	EndGlobalSection
	GlobalSection(ProjectConfigurationPlatforms) = postSolution
		{123B64C5-5A73-421F-BE19-DD24128D2E93}.Debug|Any CPU.ActiveCfg = Debug|Any CPU
		{123B64C5-5A73-421F-BE19-DD24128D2E93}.Debug|Any CPU.Build.0 = Debug|Any CPU
		{123B64C5-5A73-421F-BE19-DD24128D2E93}.Release|Any CPU.ActiveCfg = Release|Any CPU
		{123B64C5-5A73-421F-BE19-DD24128D2E93}.Release|Any CPU.Build.0 = Release|Any CPU
	EndGlobalSection
	GlobalSection(SolutionProperties) = preSolution
		HideSolutionNode = FALSE
	EndGlobalSection
	GlobalSection(ExtensibilityGlobals) = postSolution
		SolutionGuid = {20D2DFAE-E21D-46CF-9EBB-8CDA89B4EE8D}
	EndGlobalSection
EndGlobal
